
Microsoft Visual Studio Solution File, Format Version 12.00
# Visual Studio Version 17
VisualStudioVersion = 17.5.33424.131
MinimumVisualStudioVersion = 10.0.40219.1
Project("{FAE04EC0-301F-11D3-BF4B-00C04F79EFBC}") = "SchoolService", "SchoolService\SchoolService.csproj", "{6799856D-A107-4E06-AFAA-7AB3CA509A5C}"
EndProject
Project("{FAE04EC0-301F-11D3-BF4B-00C04F79EFBC}") = "SchoolServiceHost", "SchoolServiceHost\SchoolServiceHost.csproj", "{95848EE0-A018-41A6-B88E-F8E043A87044}"
EndProject
Global
	GlobalSection(SolutionConfigurationPlatforms) = preSolution
		Debug|Any CPU = Debug|Any CPU
		Release|Any CPU = Release|Any CPU
	EndGlobalSection
	GlobalSection(ProjectConfigurationPlatforms) = postSolution
		{6799856D-A107-4E06-AFAA-7AB3CA509A5C}.Debug|Any CPU.ActiveCfg = Debug|Any CPU
		{6799856D-A107-4E06-AFAA-7AB3CA509A5C}.Debug|Any CPU.Build.0 = Debug|Any CPU
		{6799856D-A107-4E06-AFAA-7AB3CA509A5C}.Release|Any CPU.ActiveCfg = Release|Any CPU
		{6799856D-A107-4E06-AFAA-7AB3CA509A5C}.Release|Any CPU.Build.0 = Release|Any CPU
		{95848EE0-A018-41A6-B88E-F8E043A87044}.Debug|Any CPU.ActiveCfg = Debug|Any CPU
		{95848EE0-A018-41A6-B88E-F8E043A87044}.Debug|Any CPU.Build.0 = Debug|Any CPU
		{95848EE0-A018-41A6-B88E-F8E043A87044}.Release|Any CPU.ActiveCfg = Release|Any CPU
		{95848EE0-A018-41A6-B88E-F8E043A87044}.Release|Any CPU.Build.0 = Release|Any CPU
	EndGlobalSection
	GlobalSection(SolutionProperties) = preSolution
		HideSolutionNode = FALSE
	EndGlobalSection
	GlobalSection(ExtensibilityGlobals) = postSolution
		SolutionGuid = {BAA7EB65-A0CF-4207-85A4-60FFF7FED1AF}
	EndGlobalSection
EndGlobal
